
Microsoft Visual Studio Solution File, Format Version 12.00
# Visual Studio 15
VisualStudioVersion = 15.0.26206.0
MinimumVisualStudioVersion = 10.0.40219.1
Project("{9A19103F-16F7-4668-BE54-9A1E7A4F7556}") = "TKRain", "TKRain\TKRain.csproj", "{68D9D9FD-CA3F-43B2-B540-9758F4953290}"
EndProject
Project("{9A19103F-16F7-4668-BE54-9A1E7A4F7556}") = "TKRainTest", "TKRainTest\TKRainTest.csproj", "{A006C144-F740-4D0F-AF75-1374A4B14315}"
EndProject
Project("{9A19103F-16F7-4668-BE54-9A1E7A4F7556}") = "TKRainWeb", "TKRainWeb\TKRainWeb.csproj", "{A14A7815-5A15-46A4-A4D3-F0EB78E38001}"
EndProject
Global
	GlobalSection(SolutionConfigurationPlatforms) = preSolution
		Debug|Any CPU = Debug|Any CPU
		Debug|x64 = Debug|x64
		Debug|x86 = Debug|x86
		Release|Any CPU = Release|Any CPU
		Release|x64 = Release|x64
		Release|x86 = Release|x86
	EndGlobalSection
	GlobalSection(ProjectConfigurationPlatforms) = postSolution
		{68D9D9FD-CA3F-43B2-B540-9758F4953290}.Debug|Any CPU.ActiveCfg = Debug|Any CPU
		{68D9D9FD-CA3F-43B2-B540-9758F4953290}.Debug|Any CPU.Build.0 = Debug|Any CPU
		{68D9D9FD-CA3F-43B2-B540-9758F4953290}.Debug|x64.ActiveCfg = Debug|x64
		{68D9D9FD-CA3F-43B2-B540-9758F4953290}.Debug|x64.Build.0 = Debug|x64
		{68D9D9FD-CA3F-43B2-B540-9758F4953290}.Debug|x86.ActiveCfg = Debug|x86
		{68D9D9FD-CA3F-43B2-B540-9758F4953290}.Debug|x86.Build.0 = Debug|x86
		{68D9D9FD-CA3F-43B2-B540-9758F4953290}.Release|Any CPU.ActiveCfg = Release|Any CPU
		{68D9D9FD-CA3F-43B2-B540-9758F4953290}.Release|Any CPU.Build.0 = Release|Any CPU
		{68D9D9FD-CA3F-43B2-B540-9758F4953290}.Release|x64.ActiveCfg = Release|x64
		{68D9D9FD-CA3F-43B2-B540-9758F4953290}.Release|x64.Build.0 = Release|x64
		{68D9D9FD-CA3F-43B2-B540-9758F4953290}.Release|x86.ActiveCfg = Release|x86
		{68D9D9FD-CA3F-43B2-B540-9758F4953290}.Release|x86.Build.0 = Release|x86
		{A006C144-F740-4D0F-AF75-1374A4B14315}.Debug|Any CPU.ActiveCfg = Debug|Any CPU
		{A006C144-F740-4D0F-AF75-1374A4B14315}.Debug|Any CPU.Build.0 = Debug|Any CPU
		{A006C144-F740-4D0F-AF75-1374A4B14315}.Debug|x64.ActiveCfg = Debug|x64
		{A006C144-F740-4D0F-AF75-1374A4B14315}.Debug|x64.Build.0 = Debug|x64
		{A006C144-F740-4D0F-AF75-1374A4B14315}.Debug|x86.ActiveCfg = Debug|x86
		{A006C144-F740-4D0F-AF75-1374A4B14315}.Debug|x86.Build.0 = Debug|x86
		{A006C144-F740-4D0F-AF75-1374A4B14315}.Release|Any CPU.ActiveCfg = Release|Any CPU
		{A006C144-F740-4D0F-AF75-1374A4B14315}.Release|Any CPU.Build.0 = Release|Any CPU
		{A006C144-F740-4D0F-AF75-1374A4B14315}.Release|x64.ActiveCfg = Release|x64
		{A006C144-F740-4D0F-AF75-1374A4B14315}.Release|x64.Build.0 = Release|x64
		{A006C144-F740-4D0F-AF75-1374A4B14315}.Release|x86.ActiveCfg = Release|x86
		{A006C144-F740-4D0F-AF75-1374A4B14315}.Release|x86.Build.0 = Release|x86
		{A14A7815-5A15-46A4-A4D3-F0EB78E38001}.Debug|Any CPU.ActiveCfg = Debug|Any CPU
		{A14A7815-5A15-46A4-A4D3-F0EB78E38001}.Debug|Any CPU.Build.0 = Debug|Any CPU
		{A14A7815-5A15-46A4-A4D3-F0EB78E38001}.Debug|x64.ActiveCfg = Debug|x64
		{A14A7815-5A15-46A4-A4D3-F0EB78E38001}.Debug|x64.Build.0 = Debug|x64
		{A14A7815-5A15-46A4-A4D3-F0EB78E38001}.Debug|x86.ActiveCfg = Debug|x86
		{A14A7815-5A15-46A4-A4D3-F0EB78E38001}.Debug|x86.Build.0 = Debug|x86
		{A14A7815-5A15-46A4-A4D3-F0EB78E38001}.Release|Any CPU.ActiveCfg = Release|Any CPU
		{A14A7815-5A15-46A4-A4D3-F0EB78E38001}.Release|Any CPU.Build.0 = Release|Any CPU
		{A14A7815-5A15-46A4-A4D3-F0EB78E38001}.Release|x64.ActiveCfg = Release|x64
		{A14A7815-5A15-46A4-A4D3-F0EB78E38001}.Release|x64.Build.0 = Release|x64
		{A14A7815-5A15-46A4-A4D3-F0EB78E38001}.Release|x86.ActiveCfg = Release|x86
		{A14A7815-5A15-46A4-A4D3-F0EB78E38001}.Release|x86.Build.0 = Release|x86
	EndGlobalSection
	GlobalSection(SolutionProperties) = preSolution
		HideSolutionNode = FALSE
	EndGlobalSection
EndGlobal
